// !$*UTF8*$!
{
	archiveVersion = 1;
	classes = {
	};
	objectVersion = 46;
	objects = {

/* Begin PBXBuildFile section */
		281988BD1E5894C500645669 /* main.m in Sources */ = {isa = PBXBuildFile; fileRef = 281988BC1E5894C500645669 /* main.m */; };
		281988C01E5894C500645669 /* AppDelegate.m in Sources */ = {isa = PBXBuildFile; fileRef = 281988BF1E5894C500645669 /* AppDelegate.m */; };
		281988C61E5894C500645669 /* Main.storyboard in Resources */ = {isa = PBXBuildFile; fileRef = 281988C41E5894C500645669 /* Main.storyboard */; };
		281988C81E5894C500645669 /* Assets.xcassets in Resources */ = {isa = PBXBuildFile; fileRef = 281988C71E5894C500645669 /* Assets.xcassets */; };
		281988CB1E5894C500645669 /* LaunchScreen.storyboard in Resources */ = {isa = PBXBuildFile; fileRef = 281988C91E5894C500645669 /* LaunchScreen.storyboard */; };
		281988D31E58E61800645669 /* PrivatBank.png in Resources */ = {isa = PBXBuildFile; fileRef = 281988D21E58E61800645669 /* PrivatBank.png */; };
		281988D61E58E90C00645669 /* BankViewController.m in Sources */ = {isa = PBXBuildFile; fileRef = 281988D51E58E90C00645669 /* BankViewController.m */; };
		281988DA1E58E93900645669 /* CoursesViewController.m in Sources */ = {isa = PBXBuildFile; fileRef = 281988D91E58E93900645669 /* CoursesViewController.m */; };
		281988DD1E59766000645669 /* APIManager.m in Sources */ = {isa = PBXBuildFile; fileRef = 281988DC1E59766000645669 /* APIManager.m */; };
		28CF13A71E59C228000CB018 /* TableViewCell.m in Sources */ = {isa = PBXBuildFile; fileRef = 28CF13A61E59C228000CB018 /* TableViewCell.m */; };
		9F2885118295FE7EDE44A370 /* Pods_PrivateBankAPI.framework in Frameworks */ = {isa = PBXBuildFile; fileRef = BEFBE59E33ACDBD152DE29BB /* Pods_PrivateBankAPI.framework */; };
/* End PBXBuildFile section */

/* Begin PBXFileReference section */
		281988B81E5894C500645669 /* PrivateBankAPI.app */ = {isa = PBXFileReference; explicitFileType = wrapper.application; includeInIndex = 0; path = PrivateBankAPI.app; sourceTree = BUILT_PRODUCTS_DIR; };
		281988BC1E5894C500645669 /* main.m */ = {isa = PBXFileReference; lastKnownFileType = sourcecode.c.objc; path = main.m; sourceTree = "<group>"; };
		281988BE1E5894C500645669 /* AppDelegate.h */ = {isa = PBXFileReference; lastKnownFileType = sourcecode.c.h; path = AppDelegate.h; sourceTree = "<group>"; };
		281988BF1E5894C500645669 /* AppDelegate.m */ = {isa = PBXFileReference; lastKnownFileType = sourcecode.c.objc; path = AppDelegate.m; sourceTree = "<group>"; };
		281988C51E5894C500645669 /* Base */ = {isa = PBXFileReference; lastKnownFileType = file.storyboard; name = Base; path = Base.lproj/Main.storyboard; sourceTree = "<group>"; };
		281988C71E5894C500645669 /* Assets.xcassets */ = {isa = PBXFileReference; lastKnownFileType = folder.assetcatalog; path = Assets.xcassets; sourceTree = "<group>"; };
		281988CA1E5894C500645669 /* Base */ = {isa = PBXFileReference; lastKnownFileType = file.storyboard; name = Base; path = Base.lproj/LaunchScreen.storyboard; sourceTree = "<group>"; };
		281988CC1E5894C500645669 /* Info.plist */ = {isa = PBXFileReference; lastKnownFileType = text.plist.xml; path = Info.plist; sourceTree = "<group>"; };
		281988D21E58E61800645669 /* PrivatBank.png */ = {isa = PBXFileReference; lastKnownFileType = image.png; path = PrivatBank.png; sourceTree = "<group>"; };
		281988D41E58E90C00645669 /* BankViewController.h */ = {isa = PBXFileReference; fileEncoding = 4; lastKnownFileType = sourcecode.c.h; name = BankViewController.h; path = ../BankViewController.h; sourceTree = "<group>"; };
		281988D51E58E90C00645669 /* BankViewController.m */ = {isa = PBXFileReference; fileEncoding = 4; lastKnownFileType = sourcecode.c.objc; name = BankViewController.m; path = ../BankViewController.m; sourceTree = "<group>"; };
		281988D81E58E93900645669 /* CoursesViewController.h */ = {isa = PBXFileReference; fileEncoding = 4; lastKnownFileType = sourcecode.c.h; path = CoursesViewController.h; sourceTree = "<group>"; };
		281988D91E58E93900645669 /* CoursesViewController.m */ = {isa = PBXFileReference; fileEncoding = 4; lastKnownFileType = sourcecode.c.objc; path = CoursesViewController.m; sourceTree = "<group>"; };
		281988DB1E59766000645669 /* APIManager.h */ = {isa = PBXFileReference; fileEncoding = 4; lastKnownFileType = sourcecode.c.h; path = APIManager.h; sourceTree = "<group>"; };
		281988DC1E59766000645669 /* APIManager.m */ = {isa = PBXFileReference; fileEncoding = 4; lastKnownFileType = sourcecode.c.objc; path = APIManager.m; sourceTree = "<group>"; };
		281988E01E597C6E00645669 /* Constants.h */ = {isa = PBXFileReference; lastKnownFileType = sourcecode.c.h; path = Constants.h; sourceTree = "<group>"; };
		28CF13A51E59C228000CB018 /* TableViewCell.h */ = {isa = PBXFileReference; fileEncoding = 4; lastKnownFileType = sourcecode.c.h; path = TableViewCell.h; sourceTree = "<group>"; };
		28CF13A61E59C228000CB018 /* TableViewCell.m */ = {isa = PBXFileReference; fileEncoding = 4; lastKnownFileType = sourcecode.c.objc; path = TableViewCell.m; sourceTree = "<group>"; };
		8E38EA9ACD19420C9FC2E75A /* Pods-PrivateBankAPI.debug.xcconfig */ = {isa = PBXFileReference; includeInIndex = 1; lastKnownFileType = text.xcconfig; name = "Pods-PrivateBankAPI.debug.xcconfig"; path = "Pods/Target Support Files/Pods-PrivateBankAPI/Pods-PrivateBankAPI.debug.xcconfig"; sourceTree = "<group>"; };
		957BB0BF3930EC7FEB789DC6 /* Pods-PrivateBankAPI.release.xcconfig */ = {isa = PBXFileReference; includeInIndex = 1; lastKnownFileType = text.xcconfig; name = "Pods-PrivateBankAPI.release.xcconfig"; path = "Pods/Target Support Files/Pods-PrivateBankAPI/Pods-PrivateBankAPI.release.xcconfig"; sourceTree = "<group>"; };
		BEFBE59E33ACDBD152DE29BB /* Pods_PrivateBankAPI.framework */ = {isa = PBXFileReference; explicitFileType = wrapper.framework; includeInIndex = 0; path = Pods_PrivateBankAPI.framework; sourceTree = BUILT_PRODUCTS_DIR; };
/* End PBXFileReference section */

/* Begin PBXFrameworksBuildPhase section */
		281988B51E5894C500645669 /* Frameworks */ = {
			isa = PBXFrameworksBuildPhase;
			buildActionMask = 2147483647;
			files = (
				9F2885118295FE7EDE44A370 /* Pods_PrivateBankAPI.framework in Frameworks */,
			);
			runOnlyForDeploymentPostprocessing = 0;
		};
/* End PBXFrameworksBuildPhase section */

/* Begin PBXGroup section */
		281988AF1E5894C500645669 = {
			isa = PBXGroup;
			children = (
				281988BA1E5894C500645669 /* PrivateBankAPI */,
				281988B91E5894C500645669 /* Products */,
				3E60BCFB18F0A28CE59ED783 /* Pods */,
				CFFF62436E08EBF221A2D959 /* Frameworks */,
			);
			sourceTree = "<group>";
		};
		281988B91E5894C500645669 /* Products */ = {
			isa = PBXGroup;
			children = (
				281988B81E5894C500645669 /* PrivateBankAPI.app */,
			);
			name = Products;
			sourceTree = "<group>";
		};
		281988BA1E5894C500645669 /* PrivateBankAPI */ = {
			isa = PBXGroup;
			children = (
				281988BE1E5894C500645669 /* AppDelegate.h */,
				281988BF1E5894C500645669 /* AppDelegate.m */,
				281988DB1E59766000645669 /* APIManager.h */,
				281988DC1E59766000645669 /* APIManager.m */,
				28CF13A41E59C201000CB018 /* UI */,
				281988D71E58E91D00645669 /* Controllers */,
				281988C41E5894C500645669 /* Main.storyboard */,
				281988C71E5894C500645669 /* Assets.xcassets */,
				281988C91E5894C500645669 /* LaunchScreen.storyboard */,
				281988CC1E5894C500645669 /* Info.plist */,
				281988BB1E5894C500645669 /* Supporting Files */,
				281988E01E597C6E00645669 /* Constants.h */,
			);
			path = PrivateBankAPI;
			sourceTree = "<group>";
		};
		281988BB1E5894C500645669 /* Supporting Files */ = {
			isa = PBXGroup;
			children = (
				281988D21E58E61800645669 /* PrivatBank.png */,
				281988BC1E5894C500645669 /* main.m */,
			);
			name = "Supporting Files";
			sourceTree = "<group>";
		};
		281988D71E58E91D00645669 /* Controllers */ = {
			isa = PBXGroup;
			children = (
				281988D41E58E90C00645669 /* BankViewController.h */,
				281988D51E58E90C00645669 /* BankViewController.m */,
				281988D81E58E93900645669 /* CoursesViewController.h */,
				281988D91E58E93900645669 /* CoursesViewController.m */,
			);
			name = Controllers;
			sourceTree = "<group>";
		};
		28CF13A41E59C201000CB018 /* UI */ = {
			isa = PBXGroup;
			children = (
				28CF13A51E59C228000CB018 /* TableViewCell.h */,
				28CF13A61E59C228000CB018 /* TableViewCell.m */,
			);
			name = UI;
			sourceTree = "<group>";
		};
		3E60BCFB18F0A28CE59ED783 /* Pods */ = {
			isa = PBXGroup;
			children = (
				8E38EA9ACD19420C9FC2E75A /* Pods-PrivateBankAPI.debug.xcconfig */,
				957BB0BF3930EC7FEB789DC6 /* Pods-PrivateBankAPI.release.xcconfig */,
			);
			name = Pods;
			sourceTree = "<group>";
		};
		CFFF62436E08EBF221A2D959 /* Frameworks */ = {
			isa = PBXGroup;
			children = (
				BEFBE59E33ACDBD152DE29BB /* Pods_PrivateBankAPI.framework */,
			);
			name = Frameworks;
			sourceTree = "<group>";
		};
/* End PBXGroup section */

/* Begin PBXNativeTarget section */
		281988B71E5894C500645669 /* PrivateBankAPI */ = {
			isa = PBXNativeTarget;
			buildConfigurationList = 281988CF1E5894C500645669 /* Build configuration list for PBXNativeTarget "PrivateBankAPI" */;
			buildPhases = (
				AFADCD2947A7C029FA3189FF /* [CP] Check Pods Manifest.lock */,
				281988B41E5894C500645669 /* Sources */,
				281988B51E5894C500645669 /* Frameworks */,
				281988B61E5894C500645669 /* Resources */,
				288571B04C2634823EF5D3CB /* [CP] Embed Pods Frameworks */,
				5887C1B3DB686C483A55FF7B /* [CP] Copy Pods Resources */,
			);
			buildRules = (
			);
			dependencies = (
			);
			name = PrivateBankAPI;
			productName = PrivateBankAPI;
			productReference = 281988B81E5894C500645669 /* PrivateBankAPI.app */;
			productType = "com.apple.product-type.application";
		};
/* End PBXNativeTarget section */

/* Begin PBXProject section */
		281988B01E5894C500645669 /* Project object */ = {
			isa = PBXProject;
			attributes = {
				LastUpgradeCheck = 0810;
				ORGANIZATIONNAME = "Maksim Avksentev";
				TargetAttributes = {
					281988B71E5894C500645669 = {
						CreatedOnToolsVersion = 8.1;
						DevelopmentTeam = 35V6GQM32H;
						ProvisioningStyle = Automatic;
					};
				};
			};
			buildConfigurationList = 281988B31E5894C500645669 /* Build configuration list for PBXProject "PrivateBankAPI" */;
			compatibilityVersion = "Xcode 3.2";
			developmentRegion = English;
			hasScannedForEncodings = 0;
			knownRegions = (
				en,
				Base,
			);
			mainGroup = 281988AF1E5894C500645669;
			productRefGroup = 281988B91E5894C500645669 /* Products */;
			projectDirPath = "";
			projectRoot = "";
			targets = (
				281988B71E5894C500645669 /* PrivateBankAPI */,
			);
		};
/* End PBXProject section */

/* Begin PBXResourcesBuildPhase section */
		281988B61E5894C500645669 /* Resources */ = {
			isa = PBXResourcesBuildPhase;
			buildActionMask = 2147483647;
			files = (
				281988CB1E5894C500645669 /* LaunchScreen.storyboard in Resources */,
				281988C81E5894C500645669 /* Assets.xcassets in Resources */,
				281988C61E5894C500645669 /* Main.storyboard in Resources */,
				281988D31E58E61800645669 /* PrivatBank.png in Resources */,
			);
			runOnlyForDeploymentPostprocessing = 0;
		};
/* End PBXResourcesBuildPhase section */

/* Begin PBXShellScriptBuildPhase section */
		288571B04C2634823EF5D3CB /* [CP] Embed Pods Frameworks */ = {
			isa = PBXShellScriptBuildPhase;
			buildActionMask = 2147483647;
			files = (
			);
			inputPaths = (
			);
			name = "[CP] Embed Pods Frameworks";
			outputPaths = (
			);
			runOnlyForDeploymentPostprocessing = 0;
			shellPath = /bin/sh;
			shellScript = "\"${SRCROOT}/Pods/Target Support Files/Pods-PrivateBankAPI/Pods-PrivateBankAPI-frameworks.sh\"\n";
			showEnvVarsInLog = 0;
		};
		5887C1B3DB686C483A55FF7B /* [CP] Copy Pods Resources */ = {
			isa = PBXShellScriptBuildPhase;
			buildActionMask = 2147483647;
			files = (
			);
			inputPaths = (
			);
			name = "[CP] Copy Pods Resources";
			outputPaths = (
			);
			runOnlyForDeploymentPostprocessing = 0;
			shellPath = /bin/sh;
			shellScript = "\"${SRCROOT}/Pods/Target Support Files/Pods-PrivateBankAPI/Pods-PrivateBankAPI-resources.sh\"\n";
			showEnvVarsInLog = 0;
		};
		AFADCD2947A7C029FA3189FF /* [CP] Check Pods Manifest.lock */ = {
			isa = PBXShellScriptBuildPhase;
			buildActionMask = 2147483647;
			files = (
			);
			inputPaths = (
			);
			name = "[CP] Check Pods Manifest.lock";
			outputPaths = (
			);
			runOnlyForDeploymentPostprocessing = 0;
			shellPath = /bin/sh;
			shellScript = "diff \"${PODS_ROOT}/../Podfile.lock\" \"${PODS_ROOT}/Manifest.lock\" > /dev/null\nif [ $? != 0 ] ; then\n    # print error to STDERR\n    echo \"error: The sandbox is not in sync with the Podfile.lock. Run 'pod install' or update your CocoaPods installation.\" >&2\n    exit 1\nfi\n";
			showEnvVarsInLog = 0;
		};
/* End PBXShellScriptBuildPhase section */

/* Begin PBXSourcesBuildPhase section */
		281988B41E5894C500645669 /* Sources */ = {
			isa = PBXSourcesBuildPhase;
			buildActionMask = 2147483647;
			files = (
				281988C01E5894C500645669 /* AppDelegate.m in Sources */,
				28CF13A71E59C228000CB018 /* TableViewCell.m in Sources */,
				281988DA1E58E93900645669 /* CoursesViewController.m in Sources */,
				281988BD1E5894C500645669 /* main.m in Sources */,
				281988D61E58E90C00645669 /* BankViewController.m in Sources */,
				281988DD1E59766000645669 /* APIManager.m in Sources */,
			);
			runOnlyForDeploymentPostprocessing = 0;
		};
/* End PBXSourcesBuildPhase section */

/* Begin PBXVariantGroup section */
		281988C41E5894C500645669 /* Main.storyboard */ = {
			isa = PBXVariantGroup;
			children = (
				281988C51E5894C500645669 /* Base */,
			);
			name = Main.storyboard;
			sourceTree = "<group>";
		};
		281988C91E5894C500645669 /* LaunchScreen.storyboard */ = {
			isa = PBXVariantGroup;
			children = (
				281988CA1E5894C500645669 /* Base */,
			);
			name = LaunchScreen.storyboard;
			sourceTree = "<group>";
		};
/* End PBXVariantGroup section */

/* Begin XCBuildConfiguration section */
		281988CD1E5894C500645669 /* Debug */ = {
			isa = XCBuildConfiguration;
			buildSettings = {
				ALWAYS_SEARCH_USER_PATHS = NO;
				CLANG_ANALYZER_NONNULL = YES;
				CLANG_CXX_LANGUAGE_STANDARD = "gnu++0x";
				CLANG_CXX_LIBRARY = "libc++";
				CLANG_ENABLE_MODULES = YES;
				CLANG_ENABLE_OBJC_ARC = YES;
				CLANG_WARN_BOOL_CONVERSION = YES;
				CLANG_WARN_CONSTANT_CONVERSION = YES;
				CLANG_WARN_DIRECT_OBJC_ISA_USAGE = YES_ERROR;
				CLANG_WARN_DOCUMENTATION_COMMENTS = YES;
				CLANG_WARN_EMPTY_BODY = YES;
				CLANG_WARN_ENUM_CONVERSION = YES;
				CLANG_WARN_INFINITE_RECURSION = YES;
				CLANG_WARN_INT_CONVERSION = YES;
				CLANG_WARN_OBJC_ROOT_CLASS = YES_ERROR;
				CLANG_WARN_SUSPICIOUS_MOVES = YES;
				CLANG_WARN_UNREACHABLE_CODE = YES;
				CLANG_WARN__DUPLICATE_METHOD_MATCH = YES;
				"CODE_SIGN_IDENTITY[sdk=iphoneos*]" = "iPhone Developer";
				COPY_PHASE_STRIP = NO;
				DEBUG_INFORMATION_FORMAT = dwarf;
				ENABLE_STRICT_OBJC_MSGSEND = YES;
				ENABLE_TESTABILITY = YES;
				GCC_C_LANGUAGE_STANDARD = gnu99;
				GCC_DYNAMIC_NO_PIC = NO;
				GCC_NO_COMMON_BLOCKS = YES;
				GCC_OPTIMIZATION_LEVEL = 0;
				GCC_PREPROCESSOR_DEFINITIONS = (
					"DEBUG=1",
					"$(inherited)",
				);
				GCC_WARN_64_TO_32_BIT_CONVERSION = YES;
				GCC_WARN_ABOUT_RETURN_TYPE = YES_ERROR;
				GCC_WARN_UNDECLARED_SELECTOR = YES;
				GCC_WARN_UNINITIALIZED_AUTOS = YES_AGGRESSIVE;
				GCC_WARN_UNUSED_FUNCTION = YES;
				GCC_WARN_UNUSED_VARIABLE = YES;
				IPHONEOS_DEPLOYMENT_TARGET = 10.1;
				MTL_ENABLE_DEBUG_INFO = YES;
				ONLY_ACTIVE_ARCH = YES;
				SDKROOT = iphoneos;
			};
			name = Debug;
		};
		281988CE1E5894C500645669 /* Release */ = {
			isa = XCBuildConfiguration;
			buildSettings = {
				ALWAYS_SEARCH_USER_PATHS = NO;
				CLANG_ANALYZER_NONNULL = YES;
				CLANG_CXX_LANGUAGE_STANDARD = "gnu++0x";
				CLANG_CXX_LIBRARY = "libc++";
				CLANG_ENABLE_MODULES = YES;
				CLANG_ENABLE_OBJC_ARC = YES;
				CLANG_WARN_BOOL_CONVERSION = YES;
				CLANG_WARN_CONSTANT_CONVERSION = YES;
				CLANG_WARN_DIRECT_OBJC_ISA_USAGE = YES_ERROR;
				CLANG_WARN_DOCUMENTATION_COMMENTS = YES;
				CLANG_WARN_EMPTY_BODY = YES;
				CLANG_WARN_ENUM_CONVERSION = YES;
				CLANG_WARN_INFINITE_RECURSION = YES;
				CLANG_WARN_INT_CONVERSION = YES;
				CLANG_WARN_OBJC_ROOT_CLASS = YES_ERROR;
				CLANG_WARN_SUSPICIOUS_MOVES = YES;
				CLANG_WARN_UNREACHABLE_CODE = YES;
				CLANG_WARN__DUPLICATE_METHOD_MATCH = YES;
				"CODE_SIGN_IDENTITY[sdk=iphoneos*]" = "iPhone Developer";
				COPY_PHASE_STRIP = NO;
				DEBUG_INFORMATION_FORMAT = "dwarf-with-dsym";
				ENABLE_NS_ASSERTIONS = NO;
				ENABLE_STRICT_OBJC_MSGSEND = YES;
				GCC_C_LANGUAGE_STANDARD = gnu99;
				GCC_NO_COMMON_BLOCKS = YES;
				GCC_WARN_64_TO_32_BIT_CONVERSION = YES;
				GCC_WARN_ABOUT_RETURN_TYPE = YES_ERROR;
				GCC_WARN_UNDECLARED_SELECTOR = YES;
				GCC_WARN_UNINITIALIZED_AUTOS = YES_AGGRESSIVE;
				GCC_WARN_UNUSED_FUNCTION = YES;
				GCC_WARN_UNUSED_VARIABLE = YES;
				IPHONEOS_DEPLOYMENT_TARGET = 10.1;
				MTL_ENABLE_DEBUG_INFO = NO;
				SDKROOT = iphoneos;
				VALIDATE_PRODUCT = YES;
			};
			name = Release;
		};
		281988D01E5894C500645669 /* Debug */ = {
			isa = XCBuildConfiguration;
			baseConfigurationReference = 8E38EA9ACD19420C9FC2E75A /* Pods-PrivateBankAPI.debug.xcconfig */;
			buildSettings = {
				ASSETCATALOG_COMPILER_APPICON_NAME = AppIcon;
				DEVELOPMENT_TEAM = 35V6GQM32H;
				INFOPLIST_FILE = PrivateBankAPI/Info.plist;
				LD_RUNPATH_SEARCH_PATHS = "$(inherited) @executable_path/Frameworks";
				PRODUCT_BUNDLE_IDENTIFIER = Avksentev.PrivateBankAPI;
				PRODUCT_NAME = "$(TARGET_NAME)";
			};
			name = Debug;
		};
		281988D11E5894C500645669 /* Release */ = {
			isa = XCBuildConfiguration;
			baseConfigurationReference = 957BB0BF3930EC7FEB789DC6 /* Pods-PrivateBankAPI.release.xcconfig */;
			buildSettings = {
				ASSETCATALOG_COMPILER_APPICON_NAME = AppIcon;
				DEVELOPMENT_TEAM = 35V6GQM32H;
				INFOPLIST_FILE = PrivateBankAPI/Info.plist;
				LD_RUNPATH_SEARCH_PATHS = "$(inherited) @executable_path/Frameworks";
				PRODUCT_BUNDLE_IDENTIFIER = Avksentev.PrivateBankAPI;
				PRODUCT_NAME = "$(TARGET_NAME)";
			};
			name = Release;
		};
/* End XCBuildConfiguration section */

/* Begin XCConfigurationList section */
		281988B31E5894C500645669 /* Build configuration list for PBXProject "PrivateBankAPI" */ = {
			isa = XCConfigurationList;
			buildConfigurations = (
				281988CD1E5894C500645669 /* Debug */,
				281988CE1E5894C500645669 /* Release */,
			);
			defaultConfigurationIsVisible = 0;
			defaultConfigurationName = Release;
		};
		281988CF1E5894C500645669 /* Build configuration list for PBXNativeTarget "PrivateBankAPI" */ = {
			isa = XCConfigurationList;
			buildConfigurations = (
				281988D01E5894C500645669 /* Debug */,
				281988D11E5894C500645669 /* Release */,
			);
			defaultConfigurationIsVisible = 0;
			defaultConfigurationName = Release;
		};
/* End XCConfigurationList section */
	};
	rootObject = 281988B01E5894C500645669 /* Project object */;
}
